# THIS IS AN AUTOGENERATED FILE. DO NOT EDIT THIS FILE DIRECTLY.
# yarn lockfile v1


azure-devops-node-api@^9.0.1:
  version "9.0.1"
  resolved "https://registry.yarnpkg.com/azure-devops-node-api/-/azure-devops-node-api-9.0.1.tgz#ba6dce7f274db01589a653cdbdf43e71e9f9b527"
  integrity sha512-0veE4EWHObJxzwgHlydG65BjNMuLPkR1nzcQ2K51PIho1/F4llpKt3pelC30Vbex5zA9iVgQ9YZGlkkvOBSksw==
  dependencies:
    tunnel "0.0.4"
    typed-rest-client "1.2.0"
    underscore "1.8.3"

tunnel@0.0.4:
  version "0.0.4"
  resolved "https://registry.yarnpkg.com/tunnel/-/tunnel-0.0.4.tgz#2d3785a158c174c9a16dc2c046ec5fc5f1742213"
  integrity sha1-LTeFoVjBdMmhbcLARuxfxfF0IhM=

typed-rest-client@1.2.0:
  version "1.2.0"
  resolved "https://registry.yarnpkg.com/typed-rest-client/-/typed-rest-client-1.2.0.tgz#723085d203f38d7d147271e5ed3a75488eb44a02"
  integrity sha512-FrUshzZ1yxH8YwGR29PWWnfksLEILbWJydU7zfIRkyH7kAEzB62uMAl2WY6EyolWpLpVHeJGgQm45/MaruaHpw==
  dependencies:
    tunnel "0.0.4"
    underscore "1.8.3"

underscore@1.8.3:
  version "1.8.3"
  resolved "https://registry.yarnpkg.com/underscore/-/underscore-1.8.3.tgz#4f3fb53b106e6097fcf9cb4109f2a5e9bdfa5022"
  integrity sha1-Tz+1OxBuYJf8+ctBCfKl6b36UCI=
